// !$*UTF8*$!
{
	archiveVersion = 1;
	classes = {
	};
	objectVersion = 46;
	objects = {

/* Begin PBXBuildFile section */
		F036E56B1C759CE400ECF41A /* AppDelegate.swift in Sources */ = {isa = PBXBuildFile; fileRef = F036E56A1C759CE400ECF41A /* AppDelegate.swift */; };
		F036E5701C759CE400ECF41A /* Main.storyboard in Resources */ = {isa = PBXBuildFile; fileRef = F036E56E1C759CE400ECF41A /* Main.storyboard */; };
		F036E5721C759CE400ECF41A /* Assets.xcassets in Resources */ = {isa = PBXBuildFile; fileRef = F036E5711C759CE400ECF41A /* Assets.xcassets */; };
		F036E5751C759CE400ECF41A /* LaunchScreen.storyboard in Resources */ = {isa = PBXBuildFile; fileRef = F036E5731C759CE400ECF41A /* LaunchScreen.storyboard */; };
		F036E5801C759CE400ECF41A /* QYProjectTests.swift in Sources */ = {isa = PBXBuildFile; fileRef = F036E57F1C759CE400ECF41A /* QYProjectTests.swift */; };
		F036E58B1C759CE500ECF41A /* QYProjectUITests.swift in Sources */ = {isa = PBXBuildFile; fileRef = F036E58A1C759CE500ECF41A /* QYProjectUITests.swift */; };
		F0513F711C7C3E380012F7B5 /* UniversityViewController.swift in Sources */ = {isa = PBXBuildFile; fileRef = F0513F6F1C7C3E380012F7B5 /* UniversityViewController.swift */; };
		F0513F721C7C3E380012F7B5 /* UniversityViewController.xib in Resources */ = {isa = PBXBuildFile; fileRef = F0513F701C7C3E380012F7B5 /* UniversityViewController.xib */; };
		F09C02E21C75A28200826B4F /* BaseViewController.swift in Sources */ = {isa = PBXBuildFile; fileRef = F09C02E11C75A28200826B4F /* BaseViewController.swift */; };
		F09C02E41C75A2B900826B4F /* HomeViewController.swift in Sources */ = {isa = PBXBuildFile; fileRef = F09C02E31C75A2B900826B4F /* HomeViewController.swift */; };
		F09C02E81C75A3A900826B4F /* SellViewController.swift in Sources */ = {isa = PBXBuildFile; fileRef = F09C02E61C75A3A900826B4F /* SellViewController.swift */; };
		F09C02E91C75A3A900826B4F /* SellViewController.xib in Resources */ = {isa = PBXBuildFile; fileRef = F09C02E71C75A3A900826B4F /* SellViewController.xib */; };
		F09C02EC1C75A3BD00826B4F /* BuyViewController.swift in Sources */ = {isa = PBXBuildFile; fileRef = F09C02EA1C75A3BD00826B4F /* BuyViewController.swift */; };
		F09C02ED1C75A3BD00826B4F /* BuyViewController.xib in Resources */ = {isa = PBXBuildFile; fileRef = F09C02EB1C75A3BD00826B4F /* BuyViewController.xib */; };
		F09C02F01C75A3D900826B4F /* CollectViewController.swift in Sources */ = {isa = PBXBuildFile; fileRef = F09C02EE1C75A3D900826B4F /* CollectViewController.swift */; };
		F09C02F11C75A3D900826B4F /* CollectViewController.xib in Resources */ = {isa = PBXBuildFile; fileRef = F09C02EF1C75A3D900826B4F /* CollectViewController.xib */; };
		F09C02F41C75A3E800826B4F /* MineViewController.swift in Sources */ = {isa = PBXBuildFile; fileRef = F09C02F21C75A3E800826B4F /* MineViewController.swift */; };
		F09C02F51C75A3E800826B4F /* MineViewController.xib in Resources */ = {isa = PBXBuildFile; fileRef = F09C02F31C75A3E800826B4F /* MineViewController.xib */; };
		F09C02FD1C770AE400826B4F /* SellMenuView.swift in Sources */ = {isa = PBXBuildFile; fileRef = F09C02FC1C770AE400826B4F /* SellMenuView.swift */; };
/* End PBXBuildFile section */

/* Begin PBXContainerItemProxy section */
		F036E57C1C759CE400ECF41A /* PBXContainerItemProxy */ = {
			isa = PBXContainerItemProxy;
			containerPortal = F036E55F1C759CE400ECF41A /* Project object */;
			proxyType = 1;
			remoteGlobalIDString = F036E5661C759CE400ECF41A;
			remoteInfo = QYProject;
		};
		F036E5871C759CE400ECF41A /* PBXContainerItemProxy */ = {
			isa = PBXContainerItemProxy;
			containerPortal = F036E55F1C759CE400ECF41A /* Project object */;
			proxyType = 1;
			remoteGlobalIDString = F036E5661C759CE400ECF41A;
			remoteInfo = QYProject;
		};
/* End PBXContainerItemProxy section */

/* Begin PBXFileReference section */
		F036E5671C759CE400ECF41A /* QYProject.app */ = {isa = PBXFileReference; explicitFileType = wrapper.application; includeInIndex = 0; path = QYProject.app; sourceTree = BUILT_PRODUCTS_DIR; };
		F036E56A1C759CE400ECF41A /* AppDelegate.swift */ = {isa = PBXFileReference; lastKnownFileType = sourcecode.swift; path = AppDelegate.swift; sourceTree = "<group>"; };
		F036E56F1C759CE400ECF41A /* Base */ = {isa = PBXFileReference; lastKnownFileType = file.storyboard; name = Base; path = Base.lproj/Main.storyboard; sourceTree = "<group>"; };
		F036E5711C759CE400ECF41A /* Assets.xcassets */ = {isa = PBXFileReference; lastKnownFileType = folder.assetcatalog; path = Assets.xcassets; sourceTree = "<group>"; };
		F036E5741C759CE400ECF41A /* Base */ = {isa = PBXFileReference; lastKnownFileType = file.storyboard; name = Base; path = Base.lproj/LaunchScreen.storyboard; sourceTree = "<group>"; };
		F036E5761C759CE400ECF41A /* Info.plist */ = {isa = PBXFileReference; lastKnownFileType = text.plist.xml; path = Info.plist; sourceTree = "<group>"; };
		F036E57B1C759CE400ECF41A /* QYProjectTests.xctest */ = {isa = PBXFileReference; explicitFileType = wrapper.cfbundle; includeInIndex = 0; path = QYProjectTests.xctest; sourceTree = BUILT_PRODUCTS_DIR; };
		F036E57F1C759CE400ECF41A /* QYProjectTests.swift */ = {isa = PBXFileReference; lastKnownFileType = sourcecode.swift; path = QYProjectTests.swift; sourceTree = "<group>"; };
		F036E5811C759CE400ECF41A /* Info.plist */ = {isa = PBXFileReference; lastKnownFileType = text.plist.xml; path = Info.plist; sourceTree = "<group>"; };
		F036E5861C759CE400ECF41A /* QYProjectUITests.xctest */ = {isa = PBXFileReference; explicitFileType = wrapper.cfbundle; includeInIndex = 0; path = QYProjectUITests.xctest; sourceTree = BUILT_PRODUCTS_DIR; };
		F036E58A1C759CE500ECF41A /* QYProjectUITests.swift */ = {isa = PBXFileReference; lastKnownFileType = sourcecode.swift; path = QYProjectUITests.swift; sourceTree = "<group>"; };
		F036E58C1C759CE500ECF41A /* Info.plist */ = {isa = PBXFileReference; lastKnownFileType = text.plist.xml; path = Info.plist; sourceTree = "<group>"; };
		F0513F6F1C7C3E380012F7B5 /* UniversityViewController.swift */ = {isa = PBXFileReference; fileEncoding = 4; lastKnownFileType = sourcecode.swift; path = UniversityViewController.swift; sourceTree = "<group>"; };
		F0513F701C7C3E380012F7B5 /* UniversityViewController.xib */ = {isa = PBXFileReference; fileEncoding = 4; lastKnownFileType = file.xib; path = UniversityViewController.xib; sourceTree = "<group>"; };
		F09C02E11C75A28200826B4F /* BaseViewController.swift */ = {isa = PBXFileReference; fileEncoding = 4; lastKnownFileType = sourcecode.swift; path = BaseViewController.swift; sourceTree = "<group>"; };
		F09C02E31C75A2B900826B4F /* HomeViewController.swift */ = {isa = PBXFileReference; fileEncoding = 4; lastKnownFileType = sourcecode.swift; path = HomeViewController.swift; sourceTree = "<group>"; };
		F09C02E61C75A3A900826B4F /* SellViewController.swift */ = {isa = PBXFileReference; fileEncoding = 4; lastKnownFileType = sourcecode.swift; path = SellViewController.swift; sourceTree = "<group>"; };
		F09C02E71C75A3A900826B4F /* SellViewController.xib */ = {isa = PBXFileReference; fileEncoding = 4; lastKnownFileType = file.xib; path = SellViewController.xib; sourceTree = "<group>"; };
		F09C02EA1C75A3BD00826B4F /* BuyViewController.swift */ = {isa = PBXFileReference; fileEncoding = 4; lastKnownFileType = sourcecode.swift; path = BuyViewController.swift; sourceTree = "<group>"; };
		F09C02EB1C75A3BD00826B4F /* BuyViewController.xib */ = {isa = PBXFileReference; fileEncoding = 4; lastKnownFileType = file.xib; path = BuyViewController.xib; sourceTree = "<group>"; };
		F09C02EE1C75A3D900826B4F /* CollectViewController.swift */ = {isa = PBXFileReference; fileEncoding = 4; lastKnownFileType = sourcecode.swift; path = CollectViewController.swift; sourceTree = "<group>"; };
		F09C02EF1C75A3D900826B4F /* CollectViewController.xib */ = {isa = PBXFileReference; fileEncoding = 4; lastKnownFileType = file.xib; path = CollectViewController.xib; sourceTree = "<group>"; };
		F09C02F21C75A3E800826B4F /* MineViewController.swift */ = {isa = PBXFileReference; fileEncoding = 4; lastKnownFileType = sourcecode.swift; path = MineViewController.swift; sourceTree = "<group>"; };
		F09C02F31C75A3E800826B4F /* MineViewController.xib */ = {isa = PBXFileReference; fileEncoding = 4; lastKnownFileType = file.xib; path = MineViewController.xib; sourceTree = "<group>"; };
		F09C02FC1C770AE400826B4F /* SellMenuView.swift */ = {isa = PBXFileReference; fileEncoding = 4; lastKnownFileType = sourcecode.swift; path = SellMenuView.swift; sourceTree = "<group>"; };
/* End PBXFileReference section */

/* Begin PBXFrameworksBuildPhase section */
		F036E5641C759CE400ECF41A /* Frameworks */ = {
			isa = PBXFrameworksBuildPhase;
			buildActionMask = 2147483647;
			files = (
			);
			runOnlyForDeploymentPostprocessing = 0;
		};
		F036E5781C759CE400ECF41A /* Frameworks */ = {
			isa = PBXFrameworksBuildPhase;
			buildActionMask = 2147483647;
			files = (
			);
			runOnlyForDeploymentPostprocessing = 0;
		};
		F036E5831C759CE400ECF41A /* Frameworks */ = {
			isa = PBXFrameworksBuildPhase;
			buildActionMask = 2147483647;
			files = (
			);
			runOnlyForDeploymentPostprocessing = 0;
		};
/* End PBXFrameworksBuildPhase section */

/* Begin PBXGroup section */
		F036E55E1C759CE400ECF41A = {
			isa = PBXGroup;
			children = (
				F09C02F61C75A66D00826B4F /* SellView */,
				F09C02F71C75A68E00826B4F /* BuyViewView */,
				F09C02F81C75A6A600826B4F /* CollectView */,
				F09C02F91C75A6B600826B4F /* MineView */,
				F09C02E51C75A39100826B4F /* Tab */,
				F036E5691C759CE400ECF41A /* QYProject */,
				F036E57E1C759CE400ECF41A /* QYProjectTests */,
				F036E5891C759CE500ECF41A /* QYProjectUITests */,
				F036E5681C759CE400ECF41A /* Products */,
			);
			sourceTree = "<group>";
		};
		F036E5681C759CE400ECF41A /* Products */ = {
			isa = PBXGroup;
			children = (
				F036E5671C759CE400ECF41A /* QYProject.app */,
				F036E57B1C759CE400ECF41A /* QYProjectTests.xctest */,
				F036E5861C759CE400ECF41A /* QYProjectUITests.xctest */,
			);
			name = Products;
			sourceTree = "<group>";
		};
		F036E5691C759CE400ECF41A /* QYProject */ = {
			isa = PBXGroup;
			children = (
				F036E56A1C759CE400ECF41A /* AppDelegate.swift */,
				F036E56E1C759CE400ECF41A /* Main.storyboard */,
				F036E5711C759CE400ECF41A /* Assets.xcassets */,
				F036E5731C759CE400ECF41A /* LaunchScreen.storyboard */,
				F036E5761C759CE400ECF41A /* Info.plist */,
				F09C02E11C75A28200826B4F /* BaseViewController.swift */,
				F09C02E31C75A2B900826B4F /* HomeViewController.swift */,
			);
			path = QYProject;
			sourceTree = "<group>";
		};
		F036E57E1C759CE400ECF41A /* QYProjectTests */ = {
			isa = PBXGroup;
			children = (
				F036E57F1C759CE400ECF41A /* QYProjectTests.swift */,
				F036E5811C759CE400ECF41A /* Info.plist */,
			);
			path = QYProjectTests;
			sourceTree = "<group>";
		};
		F036E5891C759CE500ECF41A /* QYProjectUITests */ = {
			isa = PBXGroup;
			children = (
				F036E58A1C759CE500ECF41A /* QYProjectUITests.swift */,
				F036E58C1C759CE500ECF41A /* Info.plist */,
			);
			path = QYProjectUITests;
			sourceTree = "<group>";
		};
		F09C02E51C75A39100826B4F /* Tab */ = {
			isa = PBXGroup;
			children = (
				F09C02E61C75A3A900826B4F /* SellViewController.swift */,
				F09C02E71C75A3A900826B4F /* SellViewController.xib */,
				F09C02EA1C75A3BD00826B4F /* BuyViewController.swift */,
				F09C02EB1C75A3BD00826B4F /* BuyViewController.xib */,
				F09C02EE1C75A3D900826B4F /* CollectViewController.swift */,
				F09C02EF1C75A3D900826B4F /* CollectViewController.xib */,
				F09C02F21C75A3E800826B4F /* MineViewController.swift */,
				F09C02F31C75A3E800826B4F /* MineViewController.xib */,
			);
			path = Tab;
			sourceTree = "<group>";
		};
		F09C02F61C75A66D00826B4F /* SellView */ = {
			isa = PBXGroup;
			children = (
				F09C02FC1C770AE400826B4F /* SellMenuView.swift */,
				F0513F6F1C7C3E380012F7B5 /* UniversityViewController.swift */,
				F0513F701C7C3E380012F7B5 /* UniversityViewController.xib */,
			);
			path = SellView;
			sourceTree = "<group>";
		};
		F09C02F71C75A68E00826B4F /* BuyViewView */ = {
			isa = PBXGroup;
			children = (
			);
			path = BuyViewView;
			sourceTree = "<group>";
		};
		F09C02F81C75A6A600826B4F /* CollectView */ = {
			isa = PBXGroup;
			children = (
			);
			path = CollectView;
			sourceTree = "<group>";
		};
		F09C02F91C75A6B600826B4F /* MineView */ = {
			isa = PBXGroup;
			children = (
			);
			path = MineView;
			sourceTree = "<group>";
		};
/* End PBXGroup section */

/* Begin PBXNativeTarget section */
		F036E5661C759CE400ECF41A /* QYProject */ = {
			isa = PBXNativeTarget;
			buildConfigurationList = F036E58F1C759CE500ECF41A /* Build configuration list for PBXNativeTarget "QYProject" */;
			buildPhases = (
				F036E5631C759CE400ECF41A /* Sources */,
				F036E5641C759CE400ECF41A /* Frameworks */,
				F036E5651C759CE400ECF41A /* Resources */,
			);
			buildRules = (
			);
			dependencies = (
			);
			name = QYProject;
			productName = QYProject;
			productReference = F036E5671C759CE400ECF41A /* QYProject.app */;
			productType = "com.apple.product-type.application";
		};
		F036E57A1C759CE400ECF41A /* QYProjectTests */ = {
			isa = PBXNativeTarget;
			buildConfigurationList = F036E5921C759CE500ECF41A /* Build configuration list for PBXNativeTarget "QYProjectTests" */;
			buildPhases = (
				F036E5771C759CE400ECF41A /* Sources */,
				F036E5781C759CE400ECF41A /* Frameworks */,
				F036E5791C759CE400ECF41A /* Resources */,
			);
			buildRules = (
			);
			dependencies = (
				F036E57D1C759CE400ECF41A /* PBXTargetDependency */,
			);
			name = QYProjectTests;
			productName = QYProjectTests;
			productReference = F036E57B1C759CE400ECF41A /* QYProjectTests.xctest */;
			productType = "com.apple.product-type.bundle.unit-test";
		};
		F036E5851C759CE400ECF41A /* QYProjectUITests */ = {
			isa = PBXNativeTarget;
			buildConfigurationList = F036E5951C759CE500ECF41A /* Build configuration list for PBXNativeTarget "QYProjectUITests" */;
			buildPhases = (
				F036E5821C759CE400ECF41A /* Sources */,
				F036E5831C759CE400ECF41A /* Frameworks */,
				F036E5841C759CE400ECF41A /* Resources */,
			);
			buildRules = (
			);
			dependencies = (
				F036E5881C759CE400ECF41A /* PBXTargetDependency */,
			);
			name = QYProjectUITests;
			productName = QYProjectUITests;
			productReference = F036E5861C759CE400ECF41A /* QYProjectUITests.xctest */;
			productType = "com.apple.product-type.bundle.ui-testing";
		};
/* End PBXNativeTarget section */

/* Begin PBXProject section */
		F036E55F1C759CE400ECF41A /* Project object */ = {
			isa = PBXProject;
			attributes = {
				LastSwiftUpdateCheck = 0720;
				LastUpgradeCheck = 0720;
				ORGANIZATIONNAME = "杨勇秦怀涛";
				TargetAttributes = {
					F036E5661C759CE400ECF41A = {
						CreatedOnToolsVersion = 7.2;
					};
					F036E57A1C759CE400ECF41A = {
						CreatedOnToolsVersion = 7.2;
						TestTargetID = F036E5661C759CE400ECF41A;
					};
					F036E5851C759CE400ECF41A = {
						CreatedOnToolsVersion = 7.2;
						TestTargetID = F036E5661C759CE400ECF41A;
					};
				};
			};
			buildConfigurationList = F036E5621C759CE400ECF41A /* Build configuration list for PBXProject "QYProject" */;
			compatibilityVersion = "Xcode 3.2";
			developmentRegion = English;
			hasScannedForEncodings = 0;
			knownRegions = (
				en,
				Base,
			);
			mainGroup = F036E55E1C759CE400ECF41A;
			productRefGroup = F036E5681C759CE400ECF41A /* Products */;
			projectDirPath = "";
			projectRoot = "";
			targets = (
				F036E5661C759CE400ECF41A /* QYProject */,
				F036E57A1C759CE400ECF41A /* QYProjectTests */,
				F036E5851C759CE400ECF41A /* QYProjectUITests */,
			);
		};
/* End PBXProject section */

/* Begin PBXResourcesBuildPhase section */
		F036E5651C759CE400ECF41A /* Resources */ = {
			isa = PBXResourcesBuildPhase;
			buildActionMask = 2147483647;
			files = (
				F036E5751C759CE400ECF41A /* LaunchScreen.storyboard in Resources */,
				F09C02F51C75A3E800826B4F /* MineViewController.xib in Resources */,
				F036E5721C759CE400ECF41A /* Assets.xcassets in Resources */,
				F09C02E91C75A3A900826B4F /* SellViewController.xib in Resources */,
				F09C02ED1C75A3BD00826B4F /* BuyViewController.xib in Resources */,
				F036E5701C759CE400ECF41A /* Main.storyboard in Resources */,
				F0513F721C7C3E380012F7B5 /* UniversityViewController.xib in Resources */,
				F09C02F11C75A3D900826B4F /* CollectViewController.xib in Resources */,
			);
			runOnlyForDeploymentPostprocessing = 0;
		};
		F036E5791C759CE400ECF41A /* Resources */ = {
			isa = PBXResourcesBuildPhase;
			buildActionMask = 2147483647;
			files = (
			);
			runOnlyForDeploymentPostprocessing = 0;
		};
		F036E5841C759CE400ECF41A /* Resources */ = {
			isa = PBXResourcesBuildPhase;
			buildActionMask = 2147483647;
			files = (
			);
			runOnlyForDeploymentPostprocessing = 0;
		};
/* End PBXResourcesBuildPhase section */

/* Begin PBXSourcesBuildPhase section */
		F036E5631C759CE400ECF41A /* Sources */ = {
			isa = PBXSourcesBuildPhase;
			buildActionMask = 2147483647;
			files = (
				F036E56B1C759CE400ECF41A /* AppDelegate.swift in Sources */,
				F09C02EC1C75A3BD00826B4F /* BuyViewController.swift in Sources */,
				F09C02E21C75A28200826B4F /* BaseViewController.swift in Sources */,
				F09C02F41C75A3E800826B4F /* MineViewController.swift in Sources */,
				F09C02E81C75A3A900826B4F /* SellViewController.swift in Sources */,
				F09C02E41C75A2B900826B4F /* HomeViewController.swift in Sources */,
				F09C02FD1C770AE400826B4F /* SellMenuView.swift in Sources */,
				F0513F711C7C3E380012F7B5 /* UniversityViewController.swift in Sources */,
				F09C02F01C75A3D900826B4F /* CollectViewController.swift in Sources */,
			);
			runOnlyForDeploymentPostprocessing = 0;
		};
		F036E5771C759CE400ECF41A /* Sources */ = {
			isa = PBXSourcesBuildPhase;
			buildActionMask = 2147483647;
			files = (
				F036E5801C759CE400ECF41A /* QYProjectTests.swift in Sources */,
			);
			runOnlyForDeploymentPostprocessing = 0;
		};
		F036E5821C759CE400ECF41A /* Sources */ = {
			isa = PBXSourcesBuildPhase;
			buildActionMask = 2147483647;
			files = (
				F036E58B1C759CE500ECF41A /* QYProjectUITests.swift in Sources */,
			);
			runOnlyForDeploymentPostprocessing = 0;
		};
/* End PBXSourcesBuildPhase section */

/* Begin PBXTargetDependency section */
		F036E57D1C759CE400ECF41A /* PBXTargetDependency */ = {
			isa = PBXTargetDependency;
			target = F036E5661C759CE400ECF41A /* QYProject */;
			targetProxy = F036E57C1C759CE400ECF41A /* PBXContainerItemProxy */;
		};
		F036E5881C759CE400ECF41A /* PBXTargetDependency */ = {
			isa = PBXTargetDependency;
			target = F036E5661C759CE400ECF41A /* QYProject */;
			targetProxy = F036E5871C759CE400ECF41A /* PBXContainerItemProxy */;
		};
/* End PBXTargetDependency section */

/* Begin PBXVariantGroup section */
		F036E56E1C759CE400ECF41A /* Main.storyboard */ = {
			isa = PBXVariantGroup;
			children = (
				F036E56F1C759CE400ECF41A /* Base */,
			);
			name = Main.storyboard;
			sourceTree = "<group>";
		};
		F036E5731C759CE400ECF41A /* LaunchScreen.storyboard */ = {
			isa = PBXVariantGroup;
			children = (
				F036E5741C759CE400ECF41A /* Base */,
			);
			name = LaunchScreen.storyboard;
			sourceTree = "<group>";
		};
/* End PBXVariantGroup section */

/* Begin XCBuildConfiguration section */
		F036E58D1C759CE500ECF41A /* Debug */ = {
			isa = XCBuildConfiguration;
			buildSettings = {
				ALWAYS_SEARCH_USER_PATHS = NO;
				CLANG_CXX_LANGUAGE_STANDARD = "gnu++0x";
				CLANG_CXX_LIBRARY = "libc++";
				CLANG_ENABLE_MODULES = YES;
				CLANG_ENABLE_OBJC_ARC = YES;
				CLANG_WARN_BOOL_CONVERSION = YES;
				CLANG_WARN_CONSTANT_CONVERSION = YES;
				CLANG_WARN_DIRECT_OBJC_ISA_USAGE = YES_ERROR;
				CLANG_WARN_EMPTY_BODY = YES;
				CLANG_WARN_ENUM_CONVERSION = YES;
				CLANG_WARN_INT_CONVERSION = YES;
				CLANG_WARN_OBJC_ROOT_CLASS = YES_ERROR;
				CLANG_WARN_UNREACHABLE_CODE = YES;
				CLANG_WARN__DUPLICATE_METHOD_MATCH = YES;
				"CODE_SIGN_IDENTITY[sdk=iphoneos*]" = "iPhone Developer";
				COPY_PHASE_STRIP = NO;
				DEBUG_INFORMATION_FORMAT = dwarf;
				ENABLE_STRICT_OBJC_MSGSEND = YES;
				ENABLE_TESTABILITY = YES;
				GCC_C_LANGUAGE_STANDARD = gnu99;
				GCC_DYNAMIC_NO_PIC = NO;
				GCC_NO_COMMON_BLOCKS = YES;
				GCC_OPTIMIZATION_LEVEL = 0;
				GCC_PREPROCESSOR_DEFINITIONS = (
					"DEBUG=1",
					"$(inherited)",
				);
				GCC_WARN_64_TO_32_BIT_CONVERSION = YES;
				GCC_WARN_ABOUT_RETURN_TYPE = YES_ERROR;
				GCC_WARN_UNDECLARED_SELECTOR = YES;
				GCC_WARN_UNINITIALIZED_AUTOS = YES_AGGRESSIVE;
				GCC_WARN_UNUSED_FUNCTION = YES;
				GCC_WARN_UNUSED_VARIABLE = YES;
				IPHONEOS_DEPLOYMENT_TARGET = 9.2;
				MTL_ENABLE_DEBUG_INFO = YES;
				ONLY_ACTIVE_ARCH = YES;
				SDKROOT = iphoneos;
				SWIFT_OPTIMIZATION_LEVEL = "-Onone";
			};
			name = Debug;
		};
		F036E58E1C759CE500ECF41A /* Release */ = {
			isa = XCBuildConfiguration;
			buildSettings = {
				ALWAYS_SEARCH_USER_PATHS = NO;
				CLANG_CXX_LANGUAGE_STANDARD = "gnu++0x";
				CLANG_CXX_LIBRARY = "libc++";
				CLANG_ENABLE_MODULES = YES;
				CLANG_ENABLE_OBJC_ARC = YES;
				CLANG_WARN_BOOL_CONVERSION = YES;
				CLANG_WARN_CONSTANT_CONVERSION = YES;
				CLANG_WARN_DIRECT_OBJC_ISA_USAGE = YES_ERROR;
				CLANG_WARN_EMPTY_BODY = YES;
				CLANG_WARN_ENUM_CONVERSION = YES;
				CLANG_WARN_INT_CONVERSION = YES;
				CLANG_WARN_OBJC_ROOT_CLASS = YES_ERROR;
				CLANG_WARN_UNREACHABLE_CODE = YES;
				CLANG_WARN__DUPLICATE_METHOD_MATCH = YES;
				"CODE_SIGN_IDENTITY[sdk=iphoneos*]" = "iPhone Developer";
				COPY_PHASE_STRIP = NO;
				DEBUG_INFORMATION_FORMAT = "dwarf-with-dsym";
				ENABLE_NS_ASSERTIONS = NO;
				ENABLE_STRICT_OBJC_MSGSEND = YES;
				GCC_C_LANGUAGE_STANDARD = gnu99;
				GCC_NO_COMMON_BLOCKS = YES;
				GCC_WARN_64_TO_32_BIT_CONVERSION = YES;
				GCC_WARN_ABOUT_RETURN_TYPE = YES_ERROR;
				GCC_WARN_UNDECLARED_SELECTOR = YES;
				GCC_WARN_UNINITIALIZED_AUTOS = YES_AGGRESSIVE;
				GCC_WARN_UNUSED_FUNCTION = YES;
				GCC_WARN_UNUSED_VARIABLE = YES;
				IPHONEOS_DEPLOYMENT_TARGET = 9.2;
				MTL_ENABLE_DEBUG_INFO = NO;
				SDKROOT = iphoneos;
				VALIDATE_PRODUCT = YES;
			};
			name = Release;
		};
		F036E5901C759CE500ECF41A /* Debug */ = {
			isa = XCBuildConfiguration;
			buildSettings = {
				ASSETCATALOG_COMPILER_APPICON_NAME = AppIcon;
				INFOPLIST_FILE = QYProject/Info.plist;
				LD_RUNPATH_SEARCH_PATHS = "$(inherited) @executable_path/Frameworks";
				PRODUCT_BUNDLE_IDENTIFIER = com.st.QYProject;
				PRODUCT_NAME = "$(TARGET_NAME)";
			};
			name = Debug;
		};
		F036E5911C759CE500ECF41A /* Release */ = {
			isa = XCBuildConfiguration;
			buildSettings = {
				ASSETCATALOG_COMPILER_APPICON_NAME = AppIcon;
				INFOPLIST_FILE = QYProject/Info.plist;
				LD_RUNPATH_SEARCH_PATHS = "$(inherited) @executable_path/Frameworks";
				PRODUCT_BUNDLE_IDENTIFIER = com.st.QYProject;
				PRODUCT_NAME = "$(TARGET_NAME)";
			};
			name = Release;
		};
		F036E5931C759CE500ECF41A /* Debug */ = {
			isa = XCBuildConfiguration;
			buildSettings = {
				BUNDLE_LOADER = "$(TEST_HOST)";
				INFOPLIST_FILE = QYProjectTests/Info.plist;
				LD_RUNPATH_SEARCH_PATHS = "$(inherited) @executable_path/Frameworks @loader_path/Frameworks";
				PRODUCT_BUNDLE_IDENTIFIER = com.st.QYProjectTests;
				PRODUCT_NAME = "$(TARGET_NAME)";
				TEST_HOST = "$(BUILT_PRODUCTS_DIR)/QYProject.app/QYProject";
			};
			name = Debug;
		};
		F036E5941C759CE500ECF41A /* Release */ = {
			isa = XCBuildConfiguration;
			buildSettings = {
				BUNDLE_LOADER = "$(TEST_HOST)";
				INFOPLIST_FILE = QYProjectTests/Info.plist;
				LD_RUNPATH_SEARCH_PATHS = "$(inherited) @executable_path/Frameworks @loader_path/Frameworks";
				PRODUCT_BUNDLE_IDENTIFIER = com.st.QYProjectTests;
				PRODUCT_NAME = "$(TARGET_NAME)";
				TEST_HOST = "$(BUILT_PRODUCTS_DIR)/QYProject.app/QYProject";
			};
			name = Release;
		};
		F036E5961C759CE500ECF41A /* Debug */ = {
			isa = XCBuildConfiguration;
			buildSettings = {
				INFOPLIST_FILE = QYProjectUITests/Info.plist;
				LD_RUNPATH_SEARCH_PATHS = "$(inherited) @executable_path/Frameworks @loader_path/Frameworks";
				PRODUCT_BUNDLE_IDENTIFIER = com.st.QYProjectUITests;
				PRODUCT_NAME = "$(TARGET_NAME)";
				TEST_TARGET_NAME = QYProject;
				USES_XCTRUNNER = YES;
			};
			name = Debug;
		};
		F036E5971C759CE500ECF41A /* Release */ = {
			isa = XCBuildConfiguration;
			buildSettings = {
				INFOPLIST_FILE = QYProjectUITests/Info.plist;
				LD_RUNPATH_SEARCH_PATHS = "$(inherited) @executable_path/Frameworks @loader_path/Frameworks";
				PRODUCT_BUNDLE_IDENTIFIER = com.st.QYProjectUITests;
				PRODUCT_NAME = "$(TARGET_NAME)";
				TEST_TARGET_NAME = QYProject;
				USES_XCTRUNNER = YES;
			};
			name = Release;
		};
/* End XCBuildConfiguration section */

/* Begin XCConfigurationList section */
		F036E5621C759CE400ECF41A /* Build configuration list for PBXProject "QYProject" */ = {
			isa = XCConfigurationList;
			buildConfigurations = (
				F036E58D1C759CE500ECF41A /* Debug */,
				F036E58E1C759CE500ECF41A /* Release */,
			);
			defaultConfigurationIsVisible = 0;
			defaultConfigurationName = Release;
		};
		F036E58F1C759CE500ECF41A /* Build configuration list for PBXNativeTarget "QYProject" */ = {
			isa = XCConfigurationList;
			buildConfigurations = (
				F036E5901C759CE500ECF41A /* Debug */,
				F036E5911C759CE500ECF41A /* Release */,
			);
			defaultConfigurationIsVisible = 0;
			defaultConfigurationName = Release;
		};
		F036E5921C759CE500ECF41A /* Build configuration list for PBXNativeTarget "QYProjectTests" */ = {
			isa = XCConfigurationList;
			buildConfigurations = (
				F036E5931C759CE500ECF41A /* Debug */,
				F036E5941C759CE500ECF41A /* Release */,
			);
			defaultConfigurationIsVisible = 0;
			defaultConfigurationName = Release;
		};
		F036E5951C759CE500ECF41A /* Build configuration list for PBXNativeTarget "QYProjectUITests" */ = {
			isa = XCConfigurationList;
			buildConfigurations = (
				F036E5961C759CE500ECF41A /* Debug */,
				F036E5971C759CE500ECF41A /* Release */,
			);
			defaultConfigurationIsVisible = 0;
			defaultConfigurationName = Release;
		};
/* End XCConfigurationList section */
	};
	rootObject = F036E55F1C759CE400ECF41A /* Project object */;
}
